{
  "name": "rapdv-blog",
  "version": "1.0.0",
  "lockfileVersion": 2,
  "requires": true,
  "packages": {
    "": {
      "name": "rapdv-blog",
      "version": "1.0.0",
      "license": "MIT",
      "dependencies": {
        "bs-toaster": "^1.0.4",
        "medium-editor": "^5.23.3"
      }
    },
    "node_modules/@popperjs/core": {
      "version": "2.11.5",
      "resolved": "https://registry.npmjs.org/@popperjs/core/-/core-2.11.5.tgz",
      "integrity": "sha512-9X2obfABZuDVLCgPK9aX0a/x4jaOEweTTWE2+9sr0Qqqevj2Uv5XorvusThmc9XGYpS9yI+fhh8RTafBtGposw==",
      "funding": {
        "type": "opencollective",
        "url": "https://opencollective.com/popperjs"
      }
    },
    "node_modules/bootstrap": {
      "version": "5.2.0",
      "resolved": "https://registry.npmjs.org/bootstrap/-/bootstrap-5.2.0.tgz",
      "integrity": "sha512-qlnS9GL6YZE6Wnef46GxGv1UpGGzAwO0aPL1yOjzDIJpeApeMvqV24iL+pjr2kU4dduoBA9fINKWKgMToobx9A==",
      "funding": [
        {
          "type": "github",
          "url": "https://github.com/sponsors/twbs"
        },
        {
          "type": "opencollective",
          "url": "https://opencollective.com/bootstrap"
        }
      ],
      "peer": true,
      "peerDependencies": {
        "@popperjs/core": "^2.11.5"
      }
    },
    "node_modules/bs-toaster": {
      "version": "1.0.4",
      "resolved": "https://registry.npmjs.org/bs-toaster/-/bs-toaster-1.0.4.tgz",
      "integrity": "sha512-dPOnLFJYO84CYswIbndLOzOEWw9znrWCozc5LULKrxyyXI+wXIzvu+YpUw46wUTH4ppToAqzdS3XdJWCLvLc4g==",
      "dependencies": {
        "@popperjs/core": "^2.11.0"
      },
      "engines": {
        "node": ">=14"
      },
      "peerDependencies": {
        "bootstrap": "5.x.x"
      }
    },
    "node_modules/medium-editor": {
      "version": "5.23.3",
      "resolved": "https://registry.npmjs.org/medium-editor/-/medium-editor-5.23.3.tgz",
      "integrity": "sha512-he9/TdjX8f8MGdXGfCs8AllrYnqXJJvjNkDKmPg3aPW/uoIrlRqtkFthrwvmd+u4QyzEiadhCCM0EwTiRdUCJw=="
    }
  },
  "dependencies": {
    "@popperjs/core": {
      "version": "2.11.5",
      "resolved": "https://registry.npmjs.org/@popperjs/core/-/core-2.11.5.tgz",
      "integrity": "sha512-9X2obfABZuDVLCgPK9aX0a/x4jaOEweTTWE2+9sr0Qqqevj2Uv5XorvusThmc9XGYpS9yI+fhh8RTafBtGposw=="
    },
    "bootstrap": {
      "version": "5.2.0",
      "resolved": "https://registry.npmjs.org/bootstrap/-/bootstrap-5.2.0.tgz",
      "integrity": "sha512-qlnS9GL6YZE6Wnef46GxGv1UpGGzAwO0aPL1yOjzDIJpeApeMvqV24iL+pjr2kU4dduoBA9fINKWKgMToobx9A==",
      "peer": true,
      "requires": {}
    },
    "bs-toaster": {
      "version": "1.0.4",
      "resolved": "https://registry.npmjs.org/bs-toaster/-/bs-toaster-1.0.4.tgz",
      "integrity": "sha512-dPOnLFJYO84CYswIbndLOzOEWw9znrWCozc5LULKrxyyXI+wXIzvu+YpUw46wUTH4ppToAqzdS3XdJWCLvLc4g==",
      "requires": {
        "@popperjs/core": "^2.11.0"
      }
    },
    "medium-editor": {
      "version": "5.23.3",
      "resolved": "https://registry.npmjs.org/medium-editor/-/medium-editor-5.23.3.tgz",
      "integrity": "sha512-he9/TdjX8f8MGdXGfCs8AllrYnqXJJvjNkDKmPg3aPW/uoIrlRqtkFthrwvmd+u4QyzEiadhCCM0EwTiRdUCJw=="
    }
  }
}
